
Microsoft Visual Studio Solution File, Format Version 12.00
# Visual Studio Version 17
VisualStudioVersion = 17.9.34728.123
MinimumVisualStudioVersion = 10.0.40219.1
Project("{9A19103F-16F7-4668-BE54-9A1E7A4F7556}") = "Libraries", "src\Libraries\Libraries.csproj", "{2CE58E96-179D-434A-9EBC-8EF61FC3B919}"
EndProject
Project("{9A19103F-16F7-4668-BE54-9A1E7A4F7556}") = "Libraries.Tests", "tests\Libraries.Tests\Libraries.Tests.csproj", "{1E81E509-14AF-4DD2-BE68-62F2DEDAFD0F}"
EndProject
Global
	GlobalSection(SolutionConfigurationPlatforms) = preSolution
		Debug|Any CPU = Debug|Any CPU
		Release|Any CPU = Release|Any CPU
	EndGlobalSection
	GlobalSection(ProjectConfigurationPlatforms) = postSolution
		{2CE58E96-179D-434A-9EBC-8EF61FC3B919}.Debug|Any CPU.ActiveCfg = Debug|Any CPU
		{2CE58E96-179D-434A-9EBC-8EF61FC3B919}.Debug|Any CPU.Build.0 = Debug|Any CPU
		{2CE58E96-179D-434A-9EBC-8EF61FC3B919}.Release|Any CPU.ActiveCfg = Release|Any CPU
		{2CE58E96-179D-434A-9EBC-8EF61FC3B919}.Release|Any CPU.Build.0 = Release|Any CPU
		{1E81E509-14AF-4DD2-BE68-62F2DEDAFD0F}.Debug|Any CPU.ActiveCfg = Debug|Any CPU
		{1E81E509-14AF-4DD2-BE68-62F2DEDAFD0F}.Debug|Any CPU.Build.0 = Debug|Any CPU
		{1E81E509-14AF-4DD2-BE68-62F2DEDAFD0F}.Release|Any CPU.ActiveCfg = Release|Any CPU
		{1E81E509-14AF-4DD2-BE68-62F2DEDAFD0F}.Release|Any CPU.Build.0 = Release|Any CPU
	EndGlobalSection
	GlobalSection(SolutionProperties) = preSolution
		HideSolutionNode = FALSE
	EndGlobalSection
	GlobalSection(ExtensibilityGlobals) = postSolution
		SolutionGuid = {5F8C8623-70FE-44BB-B242-A4997271DD94}
	EndGlobalSection
EndGlobal
